
Microsoft Visual Studio Solution File, Format Version 12.00
# Visual Studio Version 17
VisualStudioVersion = 17.14.36811.4 d17.14
MinimumVisualStudioVersion = 10.0.40219.1
Project("{FAE04EC0-301F-11D3-BF4B-00C04F79EFBC}") = "Hospital Management App", "Hospital Management App.csproj", "{9218B48C-1B79-4AC0-B7C5-C0283DD4F489}"
EndProject
Global
	GlobalSection(SolutionConfigurationPlatforms) = preSolution
		Debug|Any CPU = Debug|Any CPU
		Release|Any CPU = Release|Any CPU
	EndGlobalSection
	GlobalSection(ProjectConfigurationPlatforms) = postSolution
		{9218B48C-1B79-4AC0-B7C5-C0283DD4F489}.Debug|Any CPU.ActiveCfg = Debug|Any CPU
		{9218B48C-1B79-4AC0-B7C5-C0283DD4F489}.Debug|Any CPU.Build.0 = Debug|Any CPU
		{9218B48C-1B79-4AC0-B7C5-C0283DD4F489}.Release|Any CPU.ActiveCfg = Release|Any CPU
		{9218B48C-1B79-4AC0-B7C5-C0283DD4F489}.Release|Any CPU.Build.0 = Release|Any CPU
	EndGlobalSection
	GlobalSection(SolutionProperties) = preSolution
		HideSolutionNode = FALSE
	EndGlobalSection
	GlobalSection(ExtensibilityGlobals) = postSolution
		SolutionGuid = {5B2DAE75-5C0E-4446-A976-9B9F7CCB36FF}
	EndGlobalSection
EndGlobal
